{
  "lockfileVersion": 1,
  "workspaces": {
    "": {
      "dependencies": {
        "p-map": "^7.0.3",
        "typescript": "^5.5.4",
      },
    },
  },
  "packages": {
    "p-map": ["p-map@7.0.3", "", {}, "sha512-VkndIv2fIB99swvQoA65bm+fsmt6UNdGeIB0oxBs+WhAhdh08QA04JXpI7rbB9r08/nkbysKoya9rtDERYOYMA=="],

    "typescript": ["typescript@5.8.3", "", { "bin": { "tsc": "bin/tsc", "tsserver": "bin/tsserver" } }, "sha512-p1diW6TqL9L07nNxvRMM7hMMw4c5XOo/1ibL4aAIGmSAt9slTE1Xgw5KWuof2uTOvCg9BY7ZRi+GaF+7sfgPeQ=="],
  }
}
